
Microsoft Visual Studio Solution File, Format Version 12.00
# Visual Studio Version 17
VisualStudioVersion = 17.11.35327.3
MinimumVisualStudioVersion = 10.0.40219.1
Project("{FAE04EC0-301F-11D3-BF4B-00C04F79EFBC}") = "FileTextAnalyzer", "FileTextAnalyzer\FileTextAnalyzer.csproj", "{B8F2DCC7-03EC-4D78-AAE8-9FDAD51FCD2D}"
EndProject
Global
	GlobalSection(SolutionConfigurationPlatforms) = preSolution
		Debug|Any CPU = Debug|Any CPU
		Release|Any CPU = Release|Any CPU
	EndGlobalSection
	GlobalSection(ProjectConfigurationPlatforms) = postSolution
		{B8F2DCC7-03EC-4D78-AAE8-9FDAD51FCD2D}.Debug|Any CPU.ActiveCfg = Debug|Any CPU
		{B8F2DCC7-03EC-4D78-AAE8-9FDAD51FCD2D}.Debug|Any CPU.Build.0 = Debug|Any CPU
		{B8F2DCC7-03EC-4D78-AAE8-9FDAD51FCD2D}.Release|Any CPU.ActiveCfg = Release|Any CPU
		{B8F2DCC7-03EC-4D78-AAE8-9FDAD51FCD2D}.Release|Any CPU.Build.0 = Release|Any CPU
	EndGlobalSection
	GlobalSection(SolutionProperties) = preSolution
		HideSolutionNode = FALSE
	EndGlobalSection
	GlobalSection(ExtensibilityGlobals) = postSolution
		SolutionGuid = {D4419EB1-CA23-45C2-8674-4D941BA83274}
	EndGlobalSection
EndGlobal
